
Microsoft Visual Studio Solution File, Format Version 12.00
# Visual Studio Version 17
VisualStudioVersion = 17.6.33712.159
MinimumVisualStudioVersion = 10.0.40219.1
Project("{FAE04EC0-301F-11D3-BF4B-00C04F79EFBC}") = "Multilevel_Inheritance", "Multilevel_Inheritance\Multilevel_Inheritance.csproj", "{4734C8D4-8EE8-4D79-913C-15F30FA8B5BC}"
EndProject
Global
	GlobalSection(SolutionConfigurationPlatforms) = preSolution
		Debug|Any CPU = Debug|Any CPU
		Release|Any CPU = Release|Any CPU
	EndGlobalSection
	GlobalSection(ProjectConfigurationPlatforms) = postSolution
		{4734C8D4-8EE8-4D79-913C-15F30FA8B5BC}.Debug|Any CPU.ActiveCfg = Debug|Any CPU
		{4734C8D4-8EE8-4D79-913C-15F30FA8B5BC}.Debug|Any CPU.Build.0 = Debug|Any CPU
		{4734C8D4-8EE8-4D79-913C-15F30FA8B5BC}.Release|Any CPU.ActiveCfg = Release|Any CPU
		{4734C8D4-8EE8-4D79-913C-15F30FA8B5BC}.Release|Any CPU.Build.0 = Release|Any CPU
	EndGlobalSection
	GlobalSection(SolutionProperties) = preSolution
		HideSolutionNode = FALSE
	EndGlobalSection
	GlobalSection(ExtensibilityGlobals) = postSolution
		SolutionGuid = {39E09E09-954C-4D0B-A76F-5ED7E390C7A4}
	EndGlobalSection
EndGlobal
